
Microsoft Visual Studio Solution File, Format Version 12.00
# Visual Studio Version 17
VisualStudioVersion = 17.5.2.0
MinimumVisualStudioVersion = 10.0.40219.1
Project("{FAE04EC0-301F-11D3-BF4B-00C04F79EFBC}") = "TCGApi", "TCGApi.csproj", "{1FC9F631-CD43-D4D2-F6CB-68FF98145105}"
EndProject
Project("{FAE04EC0-301F-11D3-BF4B-00C04F79EFBC}") = "TCGAPI.Domain", "TCGAPI.Domain\TCGAPI.Domain.csproj", "{1706184E-7B25-463D-8E7E-AFC9FE421335}"
EndProject
Project("{FAE04EC0-301F-11D3-BF4B-00C04F79EFBC}") = "TCGAPI.Application", "TCGAPI.Application\TCGAPI.Application.csproj", "{3967DED9-C45E-42D9-B38E-21BA24B94B62}"
EndProject
Project("{FAE04EC0-301F-11D3-BF4B-00C04F79EFBC}") = "TCGAPI.Infrastructure", "TCGAPI.Infrastructure\TCGAPI.Infrastructure.csproj", "{8A041F01-D59C-4D99-80FB-B48973DC3B6F}"
EndProject
Global
	GlobalSection(SolutionConfigurationPlatforms) = preSolution
		Debug|Any CPU = Debug|Any CPU
		Debug|x64 = Debug|x64
		Debug|x86 = Debug|x86
		Release|Any CPU = Release|Any CPU
		Release|x64 = Release|x64
		Release|x86 = Release|x86
	EndGlobalSection
	GlobalSection(ProjectConfigurationPlatforms) = postSolution
		{1FC9F631-CD43-D4D2-F6CB-68FF98145105}.Debug|Any CPU.ActiveCfg = Debug|Any CPU
		{1FC9F631-CD43-D4D2-F6CB-68FF98145105}.Debug|Any CPU.Build.0 = Debug|Any CPU
		{1FC9F631-CD43-D4D2-F6CB-68FF98145105}.Debug|x64.ActiveCfg = Debug|Any CPU
		{1FC9F631-CD43-D4D2-F6CB-68FF98145105}.Debug|x64.Build.0 = Debug|Any CPU
		{1FC9F631-CD43-D4D2-F6CB-68FF98145105}.Debug|x86.ActiveCfg = Debug|Any CPU
		{1FC9F631-CD43-D4D2-F6CB-68FF98145105}.Debug|x86.Build.0 = Debug|Any CPU
		{1FC9F631-CD43-D4D2-F6CB-68FF98145105}.Release|Any CPU.ActiveCfg = Release|Any CPU
		{1FC9F631-CD43-D4D2-F6CB-68FF98145105}.Release|Any CPU.Build.0 = Release|Any CPU
		{1FC9F631-CD43-D4D2-F6CB-68FF98145105}.Release|x64.ActiveCfg = Release|Any CPU
		{1FC9F631-CD43-D4D2-F6CB-68FF98145105}.Release|x64.Build.0 = Release|Any CPU
		{1FC9F631-CD43-D4D2-F6CB-68FF98145105}.Release|x86.ActiveCfg = Release|Any CPU
		{1FC9F631-CD43-D4D2-F6CB-68FF98145105}.Release|x86.Build.0 = Release|Any CPU
		{1706184E-7B25-463D-8E7E-AFC9FE421335}.Debug|Any CPU.ActiveCfg = Debug|Any CPU
		{1706184E-7B25-463D-8E7E-AFC9FE421335}.Debug|Any CPU.Build.0 = Debug|Any CPU
		{1706184E-7B25-463D-8E7E-AFC9FE421335}.Debug|x64.ActiveCfg = Debug|Any CPU
		{1706184E-7B25-463D-8E7E-AFC9FE421335}.Debug|x64.Build.0 = Debug|Any CPU
		{1706184E-7B25-463D-8E7E-AFC9FE421335}.Debug|x86.ActiveCfg = Debug|Any CPU
		{1706184E-7B25-463D-8E7E-AFC9FE421335}.Debug|x86.Build.0 = Debug|Any CPU
		{1706184E-7B25-463D-8E7E-AFC9FE421335}.Release|Any CPU.ActiveCfg = Release|Any CPU
		{1706184E-7B25-463D-8E7E-AFC9FE421335}.Release|Any CPU.Build.0 = Release|Any CPU
		{1706184E-7B25-463D-8E7E-AFC9FE421335}.Release|x64.ActiveCfg = Release|Any CPU
		{1706184E-7B25-463D-8E7E-AFC9FE421335}.Release|x64.Build.0 = Release|Any CPU
		{1706184E-7B25-463D-8E7E-AFC9FE421335}.Release|x86.ActiveCfg = Release|Any CPU
		{1706184E-7B25-463D-8E7E-AFC9FE421335}.Release|x86.Build.0 = Release|Any CPU
		{3967DED9-C45E-42D9-B38E-21BA24B94B62}.Debug|Any CPU.ActiveCfg = Debug|Any CPU
		{3967DED9-C45E-42D9-B38E-21BA24B94B62}.Debug|Any CPU.Build.0 = Debug|Any CPU
		{3967DED9-C45E-42D9-B38E-21BA24B94B62}.Debug|x64.ActiveCfg = Debug|Any CPU
		{3967DED9-C45E-42D9-B38E-21BA24B94B62}.Debug|x64.Build.0 = Debug|Any CPU
		{3967DED9-C45E-42D9-B38E-21BA24B94B62}.Debug|x86.ActiveCfg = Debug|Any CPU
		{3967DED9-C45E-42D9-B38E-21BA24B94B62}.Debug|x86.Build.0 = Debug|Any CPU
		{3967DED9-C45E-42D9-B38E-21BA24B94B62}.Release|Any CPU.ActiveCfg = Release|Any CPU
		{3967DED9-C45E-42D9-B38E-21BA24B94B62}.Release|Any CPU.Build.0 = Release|Any CPU
		{3967DED9-C45E-42D9-B38E-21BA24B94B62}.Release|x64.ActiveCfg = Release|Any CPU
		{3967DED9-C45E-42D9-B38E-21BA24B94B62}.Release|x64.Build.0 = Release|Any CPU
		{3967DED9-C45E-42D9-B38E-21BA24B94B62}.Release|x86.ActiveCfg = Release|Any CPU
		{3967DED9-C45E-42D9-B38E-21BA24B94B62}.Release|x86.Build.0 = Release|Any CPU
		{8A041F01-D59C-4D99-80FB-B48973DC3B6F}.Debug|Any CPU.ActiveCfg = Debug|Any CPU
		{8A041F01-D59C-4D99-80FB-B48973DC3B6F}.Debug|Any CPU.Build.0 = Debug|Any CPU
		{8A041F01-D59C-4D99-80FB-B48973DC3B6F}.Debug|x64.ActiveCfg = Debug|Any CPU
		{8A041F01-D59C-4D99-80FB-B48973DC3B6F}.Debug|x64.Build.0 = Debug|Any CPU
		{8A041F01-D59C-4D99-80FB-B48973DC3B6F}.Debug|x86.ActiveCfg = Debug|Any CPU
		{8A041F01-D59C-4D99-80FB-B48973DC3B6F}.Debug|x86.Build.0 = Debug|Any CPU
		{8A041F01-D59C-4D99-80FB-B48973DC3B6F}.Release|Any CPU.ActiveCfg = Release|Any CPU
		{8A041F01-D59C-4D99-80FB-B48973DC3B6F}.Release|Any CPU.Build.0 = Release|Any CPU
		{8A041F01-D59C-4D99-80FB-B48973DC3B6F}.Release|x64.ActiveCfg = Release|Any CPU
		{8A041F01-D59C-4D99-80FB-B48973DC3B6F}.Release|x64.Build.0 = Release|Any CPU
		{8A041F01-D59C-4D99-80FB-B48973DC3B6F}.Release|x86.ActiveCfg = Release|Any CPU
		{8A041F01-D59C-4D99-80FB-B48973DC3B6F}.Release|x86.Build.0 = Release|Any CPU
	EndGlobalSection
	GlobalSection(SolutionProperties) = preSolution
		HideSolutionNode = FALSE
	EndGlobalSection
	GlobalSection(ExtensibilityGlobals) = postSolution
		SolutionGuid = {D89361C3-FBB9-4BE7-898A-E0E5E577B460}
	EndGlobalSection
EndGlobal
